
Microsoft Visual Studio Solution File, Format Version 12.00
# Visual Studio Version 17
VisualStudioVersion = 17.4.33122.133
MinimumVisualStudioVersion = 10.0.40219.1
Project("{FAE04EC0-301F-11D3-BF4B-00C04F79EFBC}") = "Text_File_Display", "Text_File_Display\Text_File_Display.csproj", "{D3966E07-E00E-4315-A9BD-5D68F0E3EEEE}"
EndProject
Global
	GlobalSection(SolutionConfigurationPlatforms) = preSolution
		Debug|Any CPU = Debug|Any CPU
		Release|Any CPU = Release|Any CPU
	EndGlobalSection
	GlobalSection(ProjectConfigurationPlatforms) = postSolution
		{D3966E07-E00E-4315-A9BD-5D68F0E3EEEE}.Debug|Any CPU.ActiveCfg = Debug|Any CPU
		{D3966E07-E00E-4315-A9BD-5D68F0E3EEEE}.Debug|Any CPU.Build.0 = Debug|Any CPU
		{D3966E07-E00E-4315-A9BD-5D68F0E3EEEE}.Release|Any CPU.ActiveCfg = Release|Any CPU
		{D3966E07-E00E-4315-A9BD-5D68F0E3EEEE}.Release|Any CPU.Build.0 = Release|Any CPU
	EndGlobalSection
	GlobalSection(SolutionProperties) = preSolution
		HideSolutionNode = FALSE
	EndGlobalSection
	GlobalSection(ExtensibilityGlobals) = postSolution
		SolutionGuid = {823EA0BD-826E-4067-9562-392B84607F89}
	EndGlobalSection
EndGlobal
